
Microsoft Visual Studio Solution File, Format Version 12.00
# Visual Studio Version 16
VisualStudioVersion = 16.0.31829.152
MinimumVisualStudioVersion = 10.0.40219.1
Project("{FAE04EC0-301F-11D3-BF4B-00C04F79EFBC}") = "ExcelImportExport", "ExcelImportExport.csproj", "{FA537EB8-E427-4016-993C-9825BFB3DFE1}"
EndProject
Global
	GlobalSection(SolutionConfigurationPlatforms) = preSolution
		Debug|Any CPU = Debug|Any CPU
		Release|Any CPU = Release|Any CPU
	EndGlobalSection
	GlobalSection(ProjectConfigurationPlatforms) = postSolution
		{FA537EB8-E427-4016-993C-9825BFB3DFE1}.Debug|Any CPU.ActiveCfg = Debug|Any CPU
		{FA537EB8-E427-4016-993C-9825BFB3DFE1}.Debug|Any CPU.Build.0 = Debug|Any CPU
		{FA537EB8-E427-4016-993C-9825BFB3DFE1}.Release|Any CPU.ActiveCfg = Release|Any CPU
		{FA537EB8-E427-4016-993C-9825BFB3DFE1}.Release|Any CPU.Build.0 = Release|Any CPU
	EndGlobalSection
	GlobalSection(SolutionProperties) = preSolution
		HideSolutionNode = FALSE
	EndGlobalSection
	GlobalSection(ExtensibilityGlobals) = postSolution
		SolutionGuid = {E63AB110-08B0-4259-9090-DEA489C46128}
	EndGlobalSection
EndGlobal
